// !$*UTF8*$!
{
	archiveVersion = 1;
	classes = {
	};
	objectVersion = 48;
	objects = {

/* Begin PBXBuildFile section */
		8E04A91D2046402200FBEA55 /* InsertSort.c in Sources */ = {isa = PBXBuildFile; fileRef = 8E04A91C2046402200FBEA55 /* InsertSort.c */; };
		8E04A93F20496CD200FBEA55 /* SelectSort.c in Sources */ = {isa = PBXBuildFile; fileRef = 8E04A93E20496CD200FBEA55 /* SelectSort.c */; };
		8E09AADE204D5AA50016926C /* ShellSort.c in Sources */ = {isa = PBXBuildFile; fileRef = 8E09AADD204D5AA50016926C /* ShellSort.c */; };
		8E3C227420AD1DC30064C42D /* CountSort.c in Sources */ = {isa = PBXBuildFile; fileRef = 8E3C227320AD1DC30064C42D /* CountSort.c */; };
		8E59CFFC20A6B0C800CFFB75 /* HeapSort.c in Sources */ = {isa = PBXBuildFile; fileRef = 8E59CFFA20A6B0C800CFFB75 /* HeapSort.c */; };
		8E89997820400B4800E1C088 /* main.c in Sources */ = {isa = PBXBuildFile; fileRef = 8E89997720400B4800E1C088 /* main.c */; };
		8E89998120400BDD00E1C088 /* 7Reverse Integer.c in Sources */ = {isa = PBXBuildFile; fileRef = 8E89998020400BDD00E1C088 /* 7Reverse Integer.c */; };
		8EC77C9D209B3DCF00B83AF4 /* BubbleSort.c in Sources */ = {isa = PBXBuildFile; fileRef = 8EC77C9C209B3DCF00B83AF4 /* BubbleSort.c */; };
		8EF3196120A2E4EB00DDCA07 /* QuickSort.c in Sources */ = {isa = PBXBuildFile; fileRef = 8EF3196020A2E4EB00DDCA07 /* QuickSort.c */; };
/* End PBXBuildFile section */

/* Begin PBXCopyFilesBuildPhase section */
		8E89997220400B4800E1C088 /* CopyFiles */ = {
			isa = PBXCopyFilesBuildPhase;
			buildActionMask = 2147483647;
			dstPath = /usr/share/man/man1/;
			dstSubfolderSpec = 0;
			files = (
			);
			runOnlyForDeploymentPostprocessing = 1;
		};
/* End PBXCopyFilesBuildPhase section */

/* Begin PBXFileReference section */
		8E04A91B2046402200FBEA55 /* InsertSort.h */ = {isa = PBXFileReference; lastKnownFileType = sourcecode.c.h; path = InsertSort.h; sourceTree = "<group>"; };
		8E04A91C2046402200FBEA55 /* InsertSort.c */ = {isa = PBXFileReference; lastKnownFileType = sourcecode.c.c; path = InsertSort.c; sourceTree = "<group>"; };
		8E04A93D20496CD200FBEA55 /* SelectSort.h */ = {isa = PBXFileReference; lastKnownFileType = sourcecode.c.h; path = SelectSort.h; sourceTree = "<group>"; };
		8E04A93E20496CD200FBEA55 /* SelectSort.c */ = {isa = PBXFileReference; lastKnownFileType = sourcecode.c.c; path = SelectSort.c; sourceTree = "<group>"; };
		8E09AADC204D5AA50016926C /* ShellSort.h */ = {isa = PBXFileReference; lastKnownFileType = sourcecode.c.h; path = ShellSort.h; sourceTree = "<group>"; };
		8E09AADD204D5AA50016926C /* ShellSort.c */ = {isa = PBXFileReference; lastKnownFileType = sourcecode.c.c; path = ShellSort.c; sourceTree = "<group>"; };
		8E3C227220AD1DC30064C42D /* CountSort.h */ = {isa = PBXFileReference; lastKnownFileType = sourcecode.c.h; path = CountSort.h; sourceTree = "<group>"; };
		8E3C227320AD1DC30064C42D /* CountSort.c */ = {isa = PBXFileReference; lastKnownFileType = sourcecode.c.c; path = CountSort.c; sourceTree = "<group>"; };
		8E59CFFA20A6B0C800CFFB75 /* HeapSort.c */ = {isa = PBXFileReference; lastKnownFileType = sourcecode.c.c; path = HeapSort.c; sourceTree = "<group>"; };
		8E59CFFB20A6B0C800CFFB75 /* HeapSort.h */ = {isa = PBXFileReference; lastKnownFileType = sourcecode.c.h; path = HeapSort.h; sourceTree = "<group>"; };
		8E89997420400B4800E1C088 /* Algorithms */ = {isa = PBXFileReference; explicitFileType = "compiled.mach-o.executable"; includeInIndex = 0; path = Algorithms; sourceTree = BUILT_PRODUCTS_DIR; };
		8E89997720400B4800E1C088 /* main.c */ = {isa = PBXFileReference; lastKnownFileType = sourcecode.c.c; path = main.c; sourceTree = "<group>"; };
		8E89998020400BDD00E1C088 /* 7Reverse Integer.c */ = {isa = PBXFileReference; lastKnownFileType = sourcecode.c.c; path = "7Reverse Integer.c"; sourceTree = "<group>"; };
		8E8999822040155E00E1C088 /* 7Reverse Integer.h */ = {isa = PBXFileReference; lastKnownFileType = sourcecode.c.h; path = "7Reverse Integer.h"; sourceTree = "<group>"; };
		8EC77C9B209B3DCF00B83AF4 /* BubbleSort.h */ = {isa = PBXFileReference; lastKnownFileType = sourcecode.c.h; path = BubbleSort.h; sourceTree = "<group>"; };
		8EC77C9C209B3DCF00B83AF4 /* BubbleSort.c */ = {isa = PBXFileReference; lastKnownFileType = sourcecode.c.c; path = BubbleSort.c; sourceTree = "<group>"; };
		8EF3195F20A2E4EB00DDCA07 /* QuickSort.h */ = {isa = PBXFileReference; lastKnownFileType = sourcecode.c.h; path = QuickSort.h; sourceTree = "<group>"; };
		8EF3196020A2E4EB00DDCA07 /* QuickSort.c */ = {isa = PBXFileReference; lastKnownFileType = sourcecode.c.c; path = QuickSort.c; sourceTree = "<group>"; };
/* End PBXFileReference section */

/* Begin PBXFrameworksBuildPhase section */
		8E89997120400B4800E1C088 /* Frameworks */ = {
			isa = PBXFrameworksBuildPhase;
			buildActionMask = 2147483647;
			files = (
			);
			runOnlyForDeploymentPostprocessing = 0;
		};
/* End PBXFrameworksBuildPhase section */

/* Begin PBXGroup section */
		8E04A91920463FFF00FBEA55 /* 排序 */ = {
			isa = PBXGroup;
			children = (
				8E04A91B2046402200FBEA55 /* InsertSort.h */,
				8E04A91C2046402200FBEA55 /* InsertSort.c */,
				8E04A93D20496CD200FBEA55 /* SelectSort.h */,
				8E04A93E20496CD200FBEA55 /* SelectSort.c */,
				8E09AADC204D5AA50016926C /* ShellSort.h */,
				8E09AADD204D5AA50016926C /* ShellSort.c */,
				8EC77C9B209B3DCF00B83AF4 /* BubbleSort.h */,
				8EC77C9C209B3DCF00B83AF4 /* BubbleSort.c */,
				8EF3195F20A2E4EB00DDCA07 /* QuickSort.h */,
				8EF3196020A2E4EB00DDCA07 /* QuickSort.c */,
				8E59CFFB20A6B0C800CFFB75 /* HeapSort.h */,
				8E59CFFA20A6B0C800CFFB75 /* HeapSort.c */,
				8E3C227220AD1DC30064C42D /* CountSort.h */,
				8E3C227320AD1DC30064C42D /* CountSort.c */,
			);
			path = "排序";
			sourceTree = "<group>";
		};
		8E04A91A20463FFF00FBEA55 /* LeetCode */ = {
			isa = PBXGroup;
			children = (
			);
			path = LeetCode;
			sourceTree = "<group>";
		};
		8E89996B20400B4800E1C088 = {
			isa = PBXGroup;
			children = (
				8E89997620400B4800E1C088 /* Algorithms */,
				8E89997520400B4800E1C088 /* Products */,
			);
			sourceTree = "<group>";
		};
		8E89997520400B4800E1C088 /* Products */ = {
			isa = PBXGroup;
			children = (
				8E89997420400B4800E1C088 /* Algorithms */,
			);
			name = Products;
			sourceTree = "<group>";
		};
		8E89997620400B4800E1C088 /* Algorithms */ = {
			isa = PBXGroup;
			children = (
				8E04A91920463FFF00FBEA55 /* 排序 */,
				8E04A91A20463FFF00FBEA55 /* LeetCode */,
				8E89997720400B4800E1C088 /* main.c */,
				8E8999822040155E00E1C088 /* 7Reverse Integer.h */,
				8E89998020400BDD00E1C088 /* 7Reverse Integer.c */,
			);
			path = Algorithms;
			sourceTree = "<group>";
		};
/* End PBXGroup section */

/* Begin PBXNativeTarget section */
		8E89997320400B4800E1C088 /* Algorithms */ = {
			isa = PBXNativeTarget;
			buildConfigurationList = 8E89997B20400B4800E1C088 /* Build configuration list for PBXNativeTarget "Algorithms" */;
			buildPhases = (
				8E89997020400B4800E1C088 /* Sources */,
				8E89997120400B4800E1C088 /* Frameworks */,
				8E89997220400B4800E1C088 /* CopyFiles */,
			);
			buildRules = (
			);
			dependencies = (
			);
			name = Algorithms;
			productName = Algorithms;
			productReference = 8E89997420400B4800E1C088 /* Algorithms */;
			productType = "com.apple.product-type.tool";
		};
/* End PBXNativeTarget section */

/* Begin PBXProject section */
		8E89996C20400B4800E1C088 /* Project object */ = {
			isa = PBXProject;
			attributes = {
				LastUpgradeCheck = 0910;
				ORGANIZATIONNAME = Beelin;
				TargetAttributes = {
					8E89997320400B4800E1C088 = {
						CreatedOnToolsVersion = 9.1;
						ProvisioningStyle = Automatic;
					};
				};
			};
			buildConfigurationList = 8E89996F20400B4800E1C088 /* Build configuration list for PBXProject "Algorithms" */;
			compatibilityVersion = "Xcode 8.0";
			developmentRegion = en;
			hasScannedForEncodings = 0;
			knownRegions = (
				en,
			);
			mainGroup = 8E89996B20400B4800E1C088;
			productRefGroup = 8E89997520400B4800E1C088 /* Products */;
			projectDirPath = "";
			projectRoot = "";
			targets = (
				8E89997320400B4800E1C088 /* Algorithms */,
			);
		};
/* End PBXProject section */

/* Begin PBXSourcesBuildPhase section */
		8E89997020400B4800E1C088 /* Sources */ = {
			isa = PBXSourcesBuildPhase;
			buildActionMask = 2147483647;
			files = (
				8E89998120400BDD00E1C088 /* 7Reverse Integer.c in Sources */,
				8E59CFFC20A6B0C800CFFB75 /* HeapSort.c in Sources */,
				8E04A93F20496CD200FBEA55 /* SelectSort.c in Sources */,
				8E09AADE204D5AA50016926C /* ShellSort.c in Sources */,
				8EC77C9D209B3DCF00B83AF4 /* BubbleSort.c in Sources */,
				8E89997820400B4800E1C088 /* main.c in Sources */,
				8E04A91D2046402200FBEA55 /* InsertSort.c in Sources */,
				8EF3196120A2E4EB00DDCA07 /* QuickSort.c in Sources */,
				8E3C227420AD1DC30064C42D /* CountSort.c in Sources */,
			);
			runOnlyForDeploymentPostprocessing = 0;
		};
/* End PBXSourcesBuildPhase section */

/* Begin XCBuildConfiguration section */
		8E89997920400B4800E1C088 /* Debug */ = {
			isa = XCBuildConfiguration;
			buildSettings = {
				ALWAYS_SEARCH_USER_PATHS = NO;
				CLANG_ANALYZER_NONNULL = YES;
				CLANG_ANALYZER_NUMBER_OBJECT_CONVERSION = YES_AGGRESSIVE;
				CLANG_CXX_LANGUAGE_STANDARD = "gnu++14";
				CLANG_CXX_LIBRARY = "libc++";
				CLANG_ENABLE_MODULES = YES;
				CLANG_ENABLE_OBJC_ARC = YES;
				CLANG_WARN_BLOCK_CAPTURE_AUTORELEASING = YES;
				CLANG_WARN_BOOL_CONVERSION = YES;
				CLANG_WARN_COMMA = YES;
				CLANG_WARN_CONSTANT_CONVERSION = YES;
				CLANG_WARN_DIRECT_OBJC_ISA_USAGE = YES_ERROR;
				CLANG_WARN_DOCUMENTATION_COMMENTS = YES;
				CLANG_WARN_EMPTY_BODY = YES;
				CLANG_WARN_ENUM_CONVERSION = YES;
				CLANG_WARN_INFINITE_RECURSION = YES;
				CLANG_WARN_INT_CONVERSION = YES;
				CLANG_WARN_NON_LITERAL_NULL_CONVERSION = YES;
				CLANG_WARN_OBJC_LITERAL_CONVERSION = YES;
				CLANG_WARN_OBJC_ROOT_CLASS = YES_ERROR;
				CLANG_WARN_RANGE_LOOP_ANALYSIS = YES;
				CLANG_WARN_STRICT_PROTOTYPES = YES;
				CLANG_WARN_SUSPICIOUS_MOVE = YES;
				CLANG_WARN_UNGUARDED_AVAILABILITY = YES_AGGRESSIVE;
				CLANG_WARN_UNREACHABLE_CODE = YES;
				CLANG_WARN__DUPLICATE_METHOD_MATCH = YES;
				CODE_SIGN_IDENTITY = "-";
				COPY_PHASE_STRIP = NO;
				DEBUG_INFORMATION_FORMAT = dwarf;
				ENABLE_STRICT_OBJC_MSGSEND = YES;
				ENABLE_TESTABILITY = YES;
				GCC_C_LANGUAGE_STANDARD = gnu11;
				GCC_DYNAMIC_NO_PIC = NO;
				GCC_NO_COMMON_BLOCKS = YES;
				GCC_OPTIMIZATION_LEVEL = 0;
				GCC_PREPROCESSOR_DEFINITIONS = (
					"DEBUG=1",
					"$(inherited)",
				);
				GCC_WARN_64_TO_32_BIT_CONVERSION = YES;
				GCC_WARN_ABOUT_RETURN_TYPE = YES_ERROR;
				GCC_WARN_UNDECLARED_SELECTOR = YES;
				GCC_WARN_UNINITIALIZED_AUTOS = YES_AGGRESSIVE;
				GCC_WARN_UNUSED_FUNCTION = YES;
				GCC_WARN_UNUSED_VARIABLE = YES;
				MACOSX_DEPLOYMENT_TARGET = 10.12;
				MTL_ENABLE_DEBUG_INFO = YES;
				ONLY_ACTIVE_ARCH = YES;
				SDKROOT = macosx;
			};
			name = Debug;
		};
		8E89997A20400B4800E1C088 /* Release */ = {
			isa = XCBuildConfiguration;
			buildSettings = {
				ALWAYS_SEARCH_USER_PATHS = NO;
				CLANG_ANALYZER_NONNULL = YES;
				CLANG_ANALYZER_NUMBER_OBJECT_CONVERSION = YES_AGGRESSIVE;
				CLANG_CXX_LANGUAGE_STANDARD = "gnu++14";
				CLANG_CXX_LIBRARY = "libc++";
				CLANG_ENABLE_MODULES = YES;
				CLANG_ENABLE_OBJC_ARC = YES;
				CLANG_WARN_BLOCK_CAPTURE_AUTORELEASING = YES;
				CLANG_WARN_BOOL_CONVERSION = YES;
				CLANG_WARN_COMMA = YES;
				CLANG_WARN_CONSTANT_CONVERSION = YES;
				CLANG_WARN_DIRECT_OBJC_ISA_USAGE = YES_ERROR;
				CLANG_WARN_DOCUMENTATION_COMMENTS = YES;
				CLANG_WARN_EMPTY_BODY = YES;
				CLANG_WARN_ENUM_CONVERSION = YES;
				CLANG_WARN_INFINITE_RECURSION = YES;
				CLANG_WARN_INT_CONVERSION = YES;
				CLANG_WARN_NON_LITERAL_NULL_CONVERSION = YES;
				CLANG_WARN_OBJC_LITERAL_CONVERSION = YES;
				CLANG_WARN_OBJC_ROOT_CLASS = YES_ERROR;
				CLANG_WARN_RANGE_LOOP_ANALYSIS = YES;
				CLANG_WARN_STRICT_PROTOTYPES = YES;
				CLANG_WARN_SUSPICIOUS_MOVE = YES;
				CLANG_WARN_UNGUARDED_AVAILABILITY = YES_AGGRESSIVE;
				CLANG_WARN_UNREACHABLE_CODE = YES;
				CLANG_WARN__DUPLICATE_METHOD_MATCH = YES;
				CODE_SIGN_IDENTITY = "-";
				COPY_PHASE_STRIP = NO;
				DEBUG_INFORMATION_FORMAT = "dwarf-with-dsym";
				ENABLE_NS_ASSERTIONS = NO;
				ENABLE_STRICT_OBJC_MSGSEND = YES;
				GCC_C_LANGUAGE_STANDARD = gnu11;
				GCC_NO_COMMON_BLOCKS = YES;
				GCC_WARN_64_TO_32_BIT_CONVERSION = YES;
				GCC_WARN_ABOUT_RETURN_TYPE = YES_ERROR;
				GCC_WARN_UNDECLARED_SELECTOR = YES;
				GCC_WARN_UNINITIALIZED_AUTOS = YES_AGGRESSIVE;
				GCC_WARN_UNUSED_FUNCTION = YES;
				GCC_WARN_UNUSED_VARIABLE = YES;
				MACOSX_DEPLOYMENT_TARGET = 10.12;
				MTL_ENABLE_DEBUG_INFO = NO;
				SDKROOT = macosx;
			};
			name = Release;
		};
		8E89997C20400B4800E1C088 /* Debug */ = {
			isa = XCBuildConfiguration;
			buildSettings = {
				CODE_SIGN_STYLE = Automatic;
				PRODUCT_NAME = "$(TARGET_NAME)";
			};
			name = Debug;
		};
		8E89997D20400B4800E1C088 /* Release */ = {
			isa = XCBuildConfiguration;
			buildSettings = {
				CODE_SIGN_STYLE = Automatic;
				PRODUCT_NAME = "$(TARGET_NAME)";
			};
			name = Release;
		};
/* End XCBuildConfiguration section */

/* Begin XCConfigurationList section */
		8E89996F20400B4800E1C088 /* Build configuration list for PBXProject "Algorithms" */ = {
			isa = XCConfigurationList;
			buildConfigurations = (
				8E89997920400B4800E1C088 /* Debug */,
				8E89997A20400B4800E1C088 /* Release */,
			);
			defaultConfigurationIsVisible = 0;
			defaultConfigurationName = Release;
		};
		8E89997B20400B4800E1C088 /* Build configuration list for PBXNativeTarget "Algorithms" */ = {
			isa = XCConfigurationList;
			buildConfigurations = (
				8E89997C20400B4800E1C088 /* Debug */,
				8E89997D20400B4800E1C088 /* Release */,
			);
			defaultConfigurationIsVisible = 0;
			defaultConfigurationName = Release;
		};
/* End XCConfigurationList section */
	};
	rootObject = 8E89996C20400B4800E1C088 /* Project object */;
}
